{
  "name": "@fizz/humannames",
  "version": "1.0.7",
  "lockfileVersion": 2,
  "requires": true,
  "packages": {
    "": {
      "name": "@fizz/humannames",
      "version": "1.0.7",
      "license": "MIT",
      "devDependencies": {
        "@types/node": "^7.0.7",
        "ts-node": "^2.1.0",
        "typescript": "^4.5.5"
      }
    },
    "node_modules/@types/node": {
      "version": "7.10.14",
      "resolved": "https://npm.fizz.studio/@types%2fnode/-/node-7.10.14.tgz",
      "integrity": "sha512-29GS75BE8asnTno3yB6ubOJOO0FboExEqNJy4bpz0GSmW/8wPTNL4h9h63c6s1uTrOopCmJYe/4yJLh5r92ZUA==",
      "dev": true,
      "license": "MIT"
    },
    "node_modules/ansi-regex": {
      "version": "2.1.1",
      "resolved": "https://npm.fizz.studio/ansi-regex/-/ansi-regex-2.1.1.tgz",
      "integrity": "sha1-w7M6te42DYbg5ijwRorn7yfWVN8=",
      "dev": true,
      "license": "MIT",
      "engines": {
        "node": ">=0.10.0"
      }
    },
    "node_modules/ansi-styles": {
      "version": "2.2.1",
      "resolved": "https://npm.fizz.studio/ansi-styles/-/ansi-styles-2.2.1.tgz",
      "integrity": "sha1-tDLdM1i2NM914eRmQ2gkBTPB3b4=",
      "dev": true,
      "license": "MIT",
      "engines": {
        "node": ">=0.10.0"
      }
    },
    "node_modules/arrify": {
      "version": "1.0.1",
      "resolved": "https://npm.fizz.studio/arrify/-/arrify-1.0.1.tgz",
      "integrity": "sha1-iYUI2iIm84DfkEcoRWhJwVAaSw0=",
      "dev": true,
      "license": "MIT",
      "engines": {
        "node": ">=0.10.0"
      }
    },
    "node_modules/chalk": {
      "version": "1.1.3",
      "resolved": "https://npm.fizz.studio/chalk/-/chalk-1.1.3.tgz",
      "integrity": "sha1-qBFcVeSnAv5NFQq9OHKCKn4J/Jg=",
      "dev": true,
      "license": "MIT",
      "dependencies": {
        "ansi-styles": "^2.2.1",
        "escape-string-regexp": "^1.0.2",
        "has-ansi": "^2.0.0",
        "strip-ansi": "^3.0.0",
        "supports-color": "^2.0.0"
      },
      "engines": {
        "node": ">=0.10.0"
      }
    },
    "node_modules/diff": {
      "version": "3.5.0",
      "resolved": "https://npm.fizz.studio/diff/-/diff-3.5.0.tgz",
      "integrity": "sha512-A46qtFgd+g7pDZinpnwiRJtxbC1hpgf0uzP3iG89scHk0AUC7A1TGxf5OiiOUv/JMZR8GOt8hL900hV0bOy5xA==",
      "dev": true,
      "license": "BSD-3-Clause",
      "engines": {
        "node": ">=0.3.1"
      }
    },
    "node_modules/escape-string-regexp": {
      "version": "1.0.5",
      "resolved": "https://npm.fizz.studio/escape-string-regexp/-/escape-string-regexp-1.0.5.tgz",
      "integrity": "sha1-G2HAViGQqN/2rjuyzwIAyhMLhtQ=",
      "dev": true,
      "license": "MIT",
      "engines": {
        "node": ">=0.8.0"
      }
    },
    "node_modules/has-ansi": {
      "version": "2.0.0",
      "resolved": "https://npm.fizz.studio/has-ansi/-/has-ansi-2.0.0.tgz",
      "integrity": "sha1-NPUEnOHs3ysGSa8+8k5F7TVBbZE=",
      "dev": true,
      "license": "MIT",
      "dependencies": {
        "ansi-regex": "^2.0.0"
      },
      "engines": {
        "node": ">=0.10.0"
      }
    },
    "node_modules/make-error": {
      "version": "1.3.6",
      "resolved": "https://npm.fizz.studio/make-error/-/make-error-1.3.6.tgz",
      "integrity": "sha512-s8UhlNe7vPKomQhC1qFelMokr/Sc3AgNbso3n74mVPA5LTZwkB9NlXf4XPamLxJE8h0gh73rM94xvwRT2CVInw==",
      "dev": true,
      "license": "ISC"
    },
    "node_modules/minimist": {
      "version": "1.2.5",
      "resolved": "https://npm.fizz.studio/minimist/-/minimist-1.2.5.tgz",
      "integrity": "sha512-FM9nNUYrRBAELZQT3xeZQ7fmMOBg6nWNmJKTcgsJeaLstP/UODVpGsr5OhXhhXg6f+qtJ8uiZ+PUxkDWcgIXLw==",
      "dev": true,
      "license": "MIT"
    },
    "node_modules/mkdirp": {
      "version": "0.5.5",
      "resolved": "https://npm.fizz.studio/mkdirp/-/mkdirp-0.5.5.tgz",
      "integrity": "sha512-NKmAlESf6jMGym1++R0Ra7wvhV+wFW63FaSOFPwRahvea0gMUcGUhVeAg/0BC0wiv9ih5NYPB1Wn1UEI1/L+xQ==",
      "dev": true,
      "license": "MIT",
      "dependencies": {
        "minimist": "^1.2.5"
      },
      "bin": {
        "mkdirp": "bin/cmd.js"
      }
    },
    "node_modules/object-assign": {
      "version": "4.1.1",
      "resolved": "https://npm.fizz.studio/object-assign/-/object-assign-4.1.1.tgz",
      "integrity": "sha1-IQmtx5ZYh8/AXLvUQsrIv7s2CGM=",
      "dev": true,
      "license": "MIT",
      "engines": {
        "node": ">=0.10.0"
      }
    },
    "node_modules/pinkie": {
      "version": "2.0.4",
      "resolved": "https://npm.fizz.studio/pinkie/-/pinkie-2.0.4.tgz",
      "integrity": "sha1-clVrgM+g1IqXToDnckjoDtT3+HA=",
      "dev": true,
      "license": "MIT",
      "engines": {
        "node": ">=0.10.0"
      }
    },
    "node_modules/source-map": {
      "version": "0.5.7",
      "resolved": "https://npm.fizz.studio/source-map/-/source-map-0.5.7.tgz",
      "integrity": "sha1-igOdLRAh0i0eoUyA2OpGi6LvP8w=",
      "dev": true,
      "license": "BSD-3-Clause",
      "engines": {
        "node": ">=0.10.0"
      }
    },
    "node_modules/source-map-support": {
      "version": "0.4.18",
      "resolved": "https://npm.fizz.studio/source-map-support/-/source-map-support-0.4.18.tgz",
      "integrity": "sha512-try0/JqxPLF9nOjvSta7tVondkP5dwgyLDjVoyMDlmjugT2lRZ1OfsrYTkCd2hkDnJTKRbO/Rl3orm8vlsUzbA==",
      "dev": true,
      "license": "MIT",
      "dependencies": {
        "source-map": "^0.5.6"
      }
    },
    "node_modules/strip-ansi": {
      "version": "3.0.1",
      "resolved": "https://npm.fizz.studio/strip-ansi/-/strip-ansi-3.0.1.tgz",
      "integrity": "sha1-ajhfuIU9lS1f8F0Oiq+UJ43GPc8=",
      "dev": true,
      "license": "MIT",
      "dependencies": {
        "ansi-regex": "^2.0.0"
      },
      "engines": {
        "node": ">=0.10.0"
      }
    },
    "node_modules/strip-bom": {
      "version": "3.0.0",
      "resolved": "https://npm.fizz.studio/strip-bom/-/strip-bom-3.0.0.tgz",
      "integrity": "sha1-IzTBjpx1n3vdVv3vfprj1YjmjtM=",
      "dev": true,
      "license": "MIT",
      "engines": {
        "node": ">=4"
      }
    },
    "node_modules/strip-json-comments": {
      "version": "2.0.1",
      "resolved": "https://npm.fizz.studio/strip-json-comments/-/strip-json-comments-2.0.1.tgz",
      "integrity": "sha1-PFMZQukIwml8DsNEhYwobHygpgo=",
      "dev": true,
      "license": "MIT",
      "engines": {
        "node": ">=0.10.0"
      }
    },
    "node_modules/supports-color": {
      "version": "2.0.0",
      "resolved": "https://npm.fizz.studio/supports-color/-/supports-color-2.0.0.tgz",
      "integrity": "sha1-U10EXOa2Nj+kARcIRimZXp3zJMc=",
      "dev": true,
      "license": "MIT",
      "engines": {
        "node": ">=0.8.0"
      }
    },
    "node_modules/ts-node": {
      "version": "2.1.2",
      "resolved": "https://npm.fizz.studio/ts-node/-/ts-node-2.1.2.tgz",
      "integrity": "sha1-RQh7ReezcbPa8E7MRw7CmoNmVeo=",
      "dev": true,
      "license": "MIT",
      "dependencies": {
        "arrify": "^1.0.0",
        "chalk": "^1.1.1",
        "diff": "^3.1.0",
        "make-error": "^1.1.1",
        "minimist": "^1.2.0",
        "mkdirp": "^0.5.1",
        "pinkie": "^2.0.4",
        "source-map-support": "^0.4.0",
        "tsconfig": "^6.0.0",
        "v8flags": "^2.0.11",
        "xtend": "^4.0.0",
        "yn": "^1.2.0"
      },
      "bin": {
        "ts-node": "dist/bin.js"
      }
    },
    "node_modules/tsconfig": {
      "version": "6.0.0",
      "resolved": "https://npm.fizz.studio/tsconfig/-/tsconfig-6.0.0.tgz",
      "integrity": "sha1-aw6DdgA9evGGT434+J3QBZ/80DI=",
      "dev": true,
      "license": "MIT",
      "dependencies": {
        "strip-bom": "^3.0.0",
        "strip-json-comments": "^2.0.0"
      }
    },
    "node_modules/typescript": {
      "version": "4.5.5",
      "resolved": "https://npm.fizz.studio/typescript/-/typescript-4.5.5.tgz",
      "integrity": "sha512-TCTIul70LyWe6IJWT8QSYeA54WQe8EjQFU4wY52Fasj5UKx88LNYKCgBEHcOMOrFF1rKGbD8v/xcNWVUq9SymA==",
      "dev": true,
      "license": "Apache-2.0",
      "bin": {
        "tsc": "bin/tsc",
        "tsserver": "bin/tsserver"
      },
      "engines": {
        "node": ">=4.2.0"
      }
    },
    "node_modules/user-home": {
      "version": "1.1.1",
      "resolved": "https://npm.fizz.studio/user-home/-/user-home-1.1.1.tgz",
      "integrity": "sha1-K1viOjK2Onyd640PKNSFcko98ZA=",
      "dev": true,
      "license": "MIT",
      "bin": {
        "user-home": "cli.js"
      },
      "engines": {
        "node": ">=0.10.0"
      }
    },
    "node_modules/v8flags": {
      "version": "2.1.1",
      "resolved": "https://npm.fizz.studio/v8flags/-/v8flags-2.1.1.tgz",
      "integrity": "sha1-qrGh+jDUX4jdMhFIh1rALAtV5bQ=",
      "dev": true,
      "dependencies": {
        "user-home": "^1.1.1"
      },
      "engines": {
        "node": ">= 0.10.0"
      }
    },
    "node_modules/xtend": {
      "version": "4.0.2",
      "resolved": "https://npm.fizz.studio/xtend/-/xtend-4.0.2.tgz",
      "integrity": "sha512-LKYU1iAXJXUgAXn9URjiu+MWhyUXHsvfp7mcuYm9dSUKK0/CjtrUwFAxD82/mCWbtLsGjFIad0wIsod4zrTAEQ==",
      "dev": true,
      "license": "MIT",
      "engines": {
        "node": ">=0.4"
      }
    },
    "node_modules/yn": {
      "version": "1.3.0",
      "resolved": "https://npm.fizz.studio/yn/-/yn-1.3.0.tgz",
      "integrity": "sha1-GwgSq7jYBdSJZvjfOF3J2syaGdg=",
      "dev": true,
      "license": "MIT",
      "dependencies": {
        "object-assign": "^4.1.1"
      },
      "engines": {
        "node": ">=0.10.0"
      }
    }
  },
  "dependencies": {
    "@types/node": {
      "version": "7.10.14",
      "resolved": "https://npm.fizz.studio/@types%2fnode/-/node-7.10.14.tgz",
      "integrity": "sha512-29GS75BE8asnTno3yB6ubOJOO0FboExEqNJy4bpz0GSmW/8wPTNL4h9h63c6s1uTrOopCmJYe/4yJLh5r92ZUA==",
      "dev": true
    },
    "ansi-regex": {
      "version": "2.1.1",
      "resolved": "https://npm.fizz.studio/ansi-regex/-/ansi-regex-2.1.1.tgz",
      "integrity": "sha1-w7M6te42DYbg5ijwRorn7yfWVN8=",
      "dev": true
    },
    "ansi-styles": {
      "version": "2.2.1",
      "resolved": "https://npm.fizz.studio/ansi-styles/-/ansi-styles-2.2.1.tgz",
      "integrity": "sha1-tDLdM1i2NM914eRmQ2gkBTPB3b4=",
      "dev": true
    },
    "arrify": {
      "version": "1.0.1",
      "resolved": "https://npm.fizz.studio/arrify/-/arrify-1.0.1.tgz",
      "integrity": "sha1-iYUI2iIm84DfkEcoRWhJwVAaSw0=",
      "dev": true
    },
    "chalk": {
      "version": "1.1.3",
      "resolved": "https://npm.fizz.studio/chalk/-/chalk-1.1.3.tgz",
      "integrity": "sha1-qBFcVeSnAv5NFQq9OHKCKn4J/Jg=",
      "dev": true,
      "requires": {
        "ansi-styles": "^2.2.1",
        "escape-string-regexp": "^1.0.2",
        "has-ansi": "^2.0.0",
        "strip-ansi": "^3.0.0",
        "supports-color": "^2.0.0"
      }
    },
    "diff": {
      "version": "3.5.0",
      "resolved": "https://npm.fizz.studio/diff/-/diff-3.5.0.tgz",
      "integrity": "sha512-A46qtFgd+g7pDZinpnwiRJtxbC1hpgf0uzP3iG89scHk0AUC7A1TGxf5OiiOUv/JMZR8GOt8hL900hV0bOy5xA==",
      "dev": true
    },
    "escape-string-regexp": {
      "version": "1.0.5",
      "resolved": "https://npm.fizz.studio/escape-string-regexp/-/escape-string-regexp-1.0.5.tgz",
      "integrity": "sha1-G2HAViGQqN/2rjuyzwIAyhMLhtQ=",
      "dev": true
    },
    "has-ansi": {
      "version": "2.0.0",
      "resolved": "https://npm.fizz.studio/has-ansi/-/has-ansi-2.0.0.tgz",
      "integrity": "sha1-NPUEnOHs3ysGSa8+8k5F7TVBbZE=",
      "dev": true,
      "requires": {
        "ansi-regex": "^2.0.0"
      }
    },
    "make-error": {
      "version": "1.3.6",
      "resolved": "https://npm.fizz.studio/make-error/-/make-error-1.3.6.tgz",
      "integrity": "sha512-s8UhlNe7vPKomQhC1qFelMokr/Sc3AgNbso3n74mVPA5LTZwkB9NlXf4XPamLxJE8h0gh73rM94xvwRT2CVInw==",
      "dev": true
    },
    "minimist": {
      "version": "1.2.5",
      "resolved": "https://npm.fizz.studio/minimist/-/minimist-1.2.5.tgz",
      "integrity": "sha512-FM9nNUYrRBAELZQT3xeZQ7fmMOBg6nWNmJKTcgsJeaLstP/UODVpGsr5OhXhhXg6f+qtJ8uiZ+PUxkDWcgIXLw==",
      "dev": true
    },
    "mkdirp": {
      "version": "0.5.5",
      "resolved": "https://npm.fizz.studio/mkdirp/-/mkdirp-0.5.5.tgz",
      "integrity": "sha512-NKmAlESf6jMGym1++R0Ra7wvhV+wFW63FaSOFPwRahvea0gMUcGUhVeAg/0BC0wiv9ih5NYPB1Wn1UEI1/L+xQ==",
      "dev": true,
      "requires": {
        "minimist": "^1.2.5"
      }
    },
    "object-assign": {
      "version": "4.1.1",
      "resolved": "https://npm.fizz.studio/object-assign/-/object-assign-4.1.1.tgz",
      "integrity": "sha1-IQmtx5ZYh8/AXLvUQsrIv7s2CGM=",
      "dev": true
    },
    "pinkie": {
      "version": "2.0.4",
      "resolved": "https://npm.fizz.studio/pinkie/-/pinkie-2.0.4.tgz",
      "integrity": "sha1-clVrgM+g1IqXToDnckjoDtT3+HA=",
      "dev": true
    },
    "source-map": {
      "version": "0.5.7",
      "resolved": "https://npm.fizz.studio/source-map/-/source-map-0.5.7.tgz",
      "integrity": "sha1-igOdLRAh0i0eoUyA2OpGi6LvP8w=",
      "dev": true
    },
    "source-map-support": {
      "version": "0.4.18",
      "resolved": "https://npm.fizz.studio/source-map-support/-/source-map-support-0.4.18.tgz",
      "integrity": "sha512-try0/JqxPLF9nOjvSta7tVondkP5dwgyLDjVoyMDlmjugT2lRZ1OfsrYTkCd2hkDnJTKRbO/Rl3orm8vlsUzbA==",
      "dev": true,
      "requires": {
        "source-map": "^0.5.6"
      }
    },
    "strip-ansi": {
      "version": "3.0.1",
      "resolved": "https://npm.fizz.studio/strip-ansi/-/strip-ansi-3.0.1.tgz",
      "integrity": "sha1-ajhfuIU9lS1f8F0Oiq+UJ43GPc8=",
      "dev": true,
      "requires": {
        "ansi-regex": "^2.0.0"
      }
    },
    "strip-bom": {
      "version": "3.0.0",
      "resolved": "https://npm.fizz.studio/strip-bom/-/strip-bom-3.0.0.tgz",
      "integrity": "sha1-IzTBjpx1n3vdVv3vfprj1YjmjtM=",
      "dev": true
    },
    "strip-json-comments": {
      "version": "2.0.1",
      "resolved": "https://npm.fizz.studio/strip-json-comments/-/strip-json-comments-2.0.1.tgz",
      "integrity": "sha1-PFMZQukIwml8DsNEhYwobHygpgo=",
      "dev": true
    },
    "supports-color": {
      "version": "2.0.0",
      "resolved": "https://npm.fizz.studio/supports-color/-/supports-color-2.0.0.tgz",
      "integrity": "sha1-U10EXOa2Nj+kARcIRimZXp3zJMc=",
      "dev": true
    },
    "ts-node": {
      "version": "2.1.2",
      "resolved": "https://npm.fizz.studio/ts-node/-/ts-node-2.1.2.tgz",
      "integrity": "sha1-RQh7ReezcbPa8E7MRw7CmoNmVeo=",
      "dev": true,
      "requires": {
        "arrify": "^1.0.0",
        "chalk": "^1.1.1",
        "diff": "^3.1.0",
        "make-error": "^1.1.1",
        "minimist": "^1.2.0",
        "mkdirp": "^0.5.1",
        "pinkie": "^2.0.4",
        "source-map-support": "^0.4.0",
        "tsconfig": "^6.0.0",
        "v8flags": "^2.0.11",
        "xtend": "^4.0.0",
        "yn": "^1.2.0"
      }
    },
    "tsconfig": {
      "version": "6.0.0",
      "resolved": "https://npm.fizz.studio/tsconfig/-/tsconfig-6.0.0.tgz",
      "integrity": "sha1-aw6DdgA9evGGT434+J3QBZ/80DI=",
      "dev": true,
      "requires": {
        "strip-bom": "^3.0.0",
        "strip-json-comments": "^2.0.0"
      }
    },
    "typescript": {
      "version": "4.5.5",
      "resolved": "https://npm.fizz.studio/typescript/-/typescript-4.5.5.tgz",
      "integrity": "sha512-TCTIul70LyWe6IJWT8QSYeA54WQe8EjQFU4wY52Fasj5UKx88LNYKCgBEHcOMOrFF1rKGbD8v/xcNWVUq9SymA==",
      "dev": true
    },
    "user-home": {
      "version": "1.1.1",
      "resolved": "https://npm.fizz.studio/user-home/-/user-home-1.1.1.tgz",
      "integrity": "sha1-K1viOjK2Onyd640PKNSFcko98ZA=",
      "dev": true
    },
    "v8flags": {
      "version": "2.1.1",
      "resolved": "https://npm.fizz.studio/v8flags/-/v8flags-2.1.1.tgz",
      "integrity": "sha1-qrGh+jDUX4jdMhFIh1rALAtV5bQ=",
      "dev": true,
      "requires": {
        "user-home": "^1.1.1"
      }
    },
    "xtend": {
      "version": "4.0.2",
      "resolved": "https://npm.fizz.studio/xtend/-/xtend-4.0.2.tgz",
      "integrity": "sha512-LKYU1iAXJXUgAXn9URjiu+MWhyUXHsvfp7mcuYm9dSUKK0/CjtrUwFAxD82/mCWbtLsGjFIad0wIsod4zrTAEQ==",
      "dev": true
    },
    "yn": {
      "version": "1.3.0",
      "resolved": "https://npm.fizz.studio/yn/-/yn-1.3.0.tgz",
      "integrity": "sha1-GwgSq7jYBdSJZvjfOF3J2syaGdg=",
      "dev": true,
      "requires": {
        "object-assign": "^4.1.1"
      }
    }
  }
}
